
Microsoft Visual Studio Solution File, Format Version 12.00
# Visual Studio 15
VisualStudioVersion = 15.0.28010.2003
MinimumVisualStudioVersion = 10.0.40219.1
Project("{FAE04EC0-301F-11D3-BF4B-00C04F79EFBC}") = "Calculadora", "Calculadora\Calculadora.csproj", "{AE0306C6-B230-41BA-BC33-3F33829091CB}"
EndProject
Global
	GlobalSection(SolutionConfigurationPlatforms) = preSolution
		Debug|Any CPU = Debug|Any CPU
		Release|Any CPU = Release|Any CPU
	EndGlobalSection
	GlobalSection(ProjectConfigurationPlatforms) = postSolution
		{AE0306C6-B230-41BA-BC33-3F33829091CB}.Debug|Any CPU.ActiveCfg = Debug|Any CPU
		{AE0306C6-B230-41BA-BC33-3F33829091CB}.Debug|Any CPU.Build.0 = Debug|Any CPU
		{AE0306C6-B230-41BA-BC33-3F33829091CB}.Release|Any CPU.ActiveCfg = Release|Any CPU
		{AE0306C6-B230-41BA-BC33-3F33829091CB}.Release|Any CPU.Build.0 = Release|Any CPU
	EndGlobalSection
	GlobalSection(SolutionProperties) = preSolution
		HideSolutionNode = FALSE
	EndGlobalSection
	GlobalSection(ExtensibilityGlobals) = postSolution
		SolutionGuid = {A5243639-13D2-4E35-BD7F-3F9197FFC176}
	EndGlobalSection
EndGlobal
